
Microsoft Visual Studio Solution File, Format Version 12.00
# Visual Studio Version 17
VisualStudioVersion = 17.14.36310.24 d17.14
MinimumVisualStudioVersion = 10.0.40219.1
Project("{FAE04EC0-301F-11D3-BF4B-00C04F79EFBC}") = "Condicionales", "Condicionales\Condicionales.csproj", "{32305903-1745-4314-97A3-4063CBA0F5F9}"
EndProject
Global
	GlobalSection(SolutionConfigurationPlatforms) = preSolution
		Debug|Any CPU = Debug|Any CPU
		Release|Any CPU = Release|Any CPU
	EndGlobalSection
	GlobalSection(ProjectConfigurationPlatforms) = postSolution
		{32305903-1745-4314-97A3-4063CBA0F5F9}.Debug|Any CPU.ActiveCfg = Debug|Any CPU
		{32305903-1745-4314-97A3-4063CBA0F5F9}.Debug|Any CPU.Build.0 = Debug|Any CPU
		{32305903-1745-4314-97A3-4063CBA0F5F9}.Release|Any CPU.ActiveCfg = Release|Any CPU
		{32305903-1745-4314-97A3-4063CBA0F5F9}.Release|Any CPU.Build.0 = Release|Any CPU
	EndGlobalSection
	GlobalSection(SolutionProperties) = preSolution
		HideSolutionNode = FALSE
	EndGlobalSection
	GlobalSection(ExtensibilityGlobals) = postSolution
		SolutionGuid = {B6CC6E17-9CFE-46FF-8F10-EFB2DCDC684C}
	EndGlobalSection
EndGlobal
